{
  "version": "2",
  "remote": {
    "https://xena.greedo.xeserv.us/pkg/xeact/v0.69.71/jsx-runtime.js": "a8e0e04c44bbc80bb0a8c59e1d3ee338dd799e25e89792cadb67f00bf4f6ceca",
    "https://xena.greedo.xeserv.us/pkg/xeact/v0.69.71/xeact.js": "4b943b147cddd20b514b0cf85c68438e585712e809d8da4283ee5f0b8ac1ab8d",
    "https://xena.greedo.xeserv.us/pkg/xeact/v0.69.71/xeact.ts": "b6def4bebff19548539f4708cff028cd1fd7abdf6bfd7b3cd8dd5025b97d676e"
  }
}
